# THIS IS AN AUTOGENERATED FILE. DO NOT EDIT THIS FILE DIRECTLY.
# yarn lockfile v1


async@^2.1.4:
  version "2.6.3"
  resolved "https://registry.yarnpkg.com/async/-/async-2.6.3.tgz#d72625e2344a3656e3a3ad4fa749fa83299d82ff"
  integrity sha512-zflvls11DCy+dQWzTW2dzuilv8Z5X/pjfmZOWba6TNIVDm+2UDaJmXSOXlasHKfNBs8oo3M0aT50fDEWfKZjXg==
  dependencies:
    lodash "^4.17.14"

bencode@^2.0.1:
  version "2.0.1"
  resolved "https://registry.yarnpkg.com/bencode/-/bencode-2.0.1.tgz#667a6a31c5e038d558608333da6b7c94e836c85b"
  integrity sha512-2uhEl8FdjSBUyb69qDTgOEeeqDTa+n3yMQzLW0cOzNf1Ow5bwcg3idf+qsWisIKRH8Bk8oC7UXL8irRcPA8ZEQ==
  dependencies:
    safe-buffer "^5.1.1"

bep53-range@^1.0.0:
  version "1.1.0"
  resolved "https://registry.yarnpkg.com/bep53-range/-/bep53-range-1.1.0.tgz#a009311710c955d27eb3a30cf329e8c139693d27"
  integrity sha512-yGQTG4NtwTciX0Bkgk1FqQL4p+NiCQKpTSFho2lrxvUkXIlzyJDwraj8aYxAxRZMnnOhRr7QlIBoMRPEnIR34Q==

blob-to-buffer@^1.2.9:
  version "1.2.9"
  resolved "https://registry.yarnpkg.com/blob-to-buffer/-/blob-to-buffer-1.2.9.tgz#a17fd6c1c564011408f8971e451544245daaa84a"
  integrity sha512-BF033y5fN6OCofD3vgHmNtwZWRcq9NLyyxyILx9hfMy1sXYy4ojFl765hJ2lP0YaN2fuxPaLO2Vzzoxy0FLFFA==

commander@^6.2.0:
  version "6.2.0"
  resolved "https://registry.yarnpkg.com/commander/-/commander-6.2.0.tgz#b990bfb8ac030aedc6d11bc04d1488ffef56db75"
  integrity sha512-zP4jEKbe8SHzKJYQmq8Y9gYjtO/POJLgIdKgV7B9qNmABVFVc+ctqSX6iXh4mCpJfRBOabiZ2YKPg8ciDw6C+Q==

decompress-response@^6.0.0:
  version "6.0.0"
  resolved "https://registry.yarnpkg.com/decompress-response/-/decompress-response-6.0.0.tgz#ca387612ddb7e104bd16d85aab00d5ecf09c66fc"
  integrity sha512-aW35yZM6Bb/4oJlZncMH2LCoZtJXTRxES17vE3hoRiowU2kWHaJKFkSBDnDR+cm9J+9QhXmREyIfv0pji9ejCQ==
  dependencies:
    mimic-response "^3.1.0"

entities@^2.0.3:
  version "2.1.0"
  resolved "https://registry.yarnpkg.com/entities/-/entities-2.1.0.tgz#992d3129cf7df6870b96c57858c249a120f8b8b5"
  integrity sha512-hCx1oky9PFrJ611mf0ifBLBRW8lUUVRlFolb5gWRfIELabBlbp9xZvrqZLZAs+NxFnbfQoeGd8wDkygjg7U85w==

get-stdin@^8.0.0:
  version "8.0.0"
  resolved "https://registry.yarnpkg.com/get-stdin/-/get-stdin-8.0.0.tgz#cbad6a73feb75f6eeb22ba9e01f89aa28aa97a53"
  integrity sha512-sY22aA6xchAzprjyqmSEQv4UbAAzRN0L2dQB0NlN5acTTK9Don6nhoc3eAbUnpZiCANAMfd/+40kVdKfFygohg==

lodash@^4.17.14:
  version "4.17.20"
  resolved "https://registry.yarnpkg.com/lodash/-/lodash-4.17.20.tgz#b44a9b6297bcb698f1c51a3545a2b3b368d59c52"
  integrity sha512-PlhdFcillOINfeV7Ni6oF1TAEayyZBoZ8bcshTHqOYJYlrqzRK5hagpagky5o4HfCzzd1TRkXPMFq6cKk9rGmA==

magnet-uri@^6.0.0:
  version "6.1.0"
  resolved "https://registry.yarnpkg.com/magnet-uri/-/magnet-uri-6.1.0.tgz#fe73026ba1ee77c955097a4979d1003f4fb7ecf7"
  integrity sha512-731qLviHaqN/Ni96wm6gNKuvoip+QHWTznjHNz/4qDlsHh3/CWJoL8fZ18IIRhGJgnWoKJp8RVE5lZvQ60Khhw==
  dependencies:
    bep53-range "^1.0.0"
    thirty-two "^1.0.2"

mimic-response@^3.1.0:
  version "3.1.0"
  resolved "https://registry.yarnpkg.com/mimic-response/-/mimic-response-3.1.0.tgz#2d1d59af9c1b129815accc2c46a022a5ce1fa3c9"
  integrity sha512-z0yWI+4FDrrweS8Zmt4Ej5HdJmky15+L2e6Wgn3+iK5fWzb6T3fhNFq2+MeTRb064c6Wr4N/wv0DzQTjNzHNGQ==

once@^1.3.1:
  version "1.4.0"
  resolved "https://registry.yarnpkg.com/once/-/once-1.4.0.tgz#583b1aa775961d4b113ac17d9c50baef9dd76bd1"
  integrity sha1-WDsap3WWHUsROsF9nFC6753Xa9E=
  dependencies:
    wrappy "1"

parse-torrent@^9.1.0:
  version "9.1.0"
  resolved "https://registry.yarnpkg.com/parse-torrent/-/parse-torrent-9.1.0.tgz#41cc544b0cba3b50f0e1cc6fffc1dcbd8e5ca5c9"
  integrity sha512-TVht2kv44bTHEd55KgmfEHyDh5djIBZMhaD6uFWnxLhJWUXy8lrIOsjPSs4Tfzs9PTGIgGM0k+UG6CFphHgOZQ==
  dependencies:
    bencode "^2.0.1"
    blob-to-buffer "^1.2.9"
    get-stdin "^8.0.0"
    magnet-uri "^6.0.0"
    simple-get "^4.0.0"
    simple-sha1 "^3.0.1"

queue-microtask@^1.1.2:
  version "1.2.2"
  resolved "https://registry.yarnpkg.com/queue-microtask/-/queue-microtask-1.2.2.tgz#abf64491e6ecf0f38a6502403d4cda04f372dfd3"
  integrity sha512-dB15eXv3p2jDlbOiNLyMabYg1/sXvppd8DP2J3EOCQ0AkuSXCW2tP7mnVouVLJKgUMY6yP0kcQDVpLCN13h4Xg==

rss-parser@^3.9.0:
  version "3.9.0"
  resolved "https://registry.yarnpkg.com/rss-parser/-/rss-parser-3.9.0.tgz#469a1201619d155e902b073c4f495c589943085a"
  integrity sha512-wlRSfGrotOXuWo19Dtl2KmQt7o9i5zzCExUrxpechE0O54BAx7JD+xhWyGumPPqiJj771ndflV3sE3bTHen0HQ==
  dependencies:
    entities "^2.0.3"
    xml2js "^0.4.19"

rusha@^0.8.1:
  version "0.8.13"
  resolved "https://registry.yarnpkg.com/rusha/-/rusha-0.8.13.tgz#9a084e7b860b17bff3015b92c67a6a336191513a"
  integrity sha1-mghOe4YLF7/zAVuSxnpqM2GRUTo=

safe-buffer@^5.1.1:
  version "5.2.1"
  resolved "https://registry.yarnpkg.com/safe-buffer/-/safe-buffer-5.2.1.tgz#1eaf9fa9bdb1fdd4ec75f58f9cdb4e6b7827eec6"
  integrity sha512-rp3So07KcdmmKbGvgaNxQSJr7bGVSVk5S9Eq1F+ppbRo70+YeaDxkw5Dd8NPN+GD6bjnYm2VuPuCXmpuYvmCXQ==

sax@>=0.6.0:
  version "1.2.4"
  resolved "https://registry.yarnpkg.com/sax/-/sax-1.2.4.tgz#2816234e2378bddc4e5354fab5caa895df7100d9"
  integrity sha512-NqVDv9TpANUjFm0N8uM5GxL36UgKi9/atZw+x7YFnQ8ckwFGKrl4xX4yWtrey3UJm5nP1kUbnYgLopqWNSRhWw==

simple-concat@^1.0.0:
  version "1.0.1"
  resolved "https://registry.yarnpkg.com/simple-concat/-/simple-concat-1.0.1.tgz#f46976082ba35c2263f1c8ab5edfe26c41c9552f"
  integrity sha512-cSFtAPtRhljv69IK0hTVZQ+OfE9nePi/rtJmw5UjHeVyVroEqJXP1sFztKUy1qU+xvz3u/sfYJLa947b7nAN2Q==

simple-get@^4.0.0:
  version "4.0.0"
  resolved "https://registry.yarnpkg.com/simple-get/-/simple-get-4.0.0.tgz#73fa628278d21de83dadd5512d2cc1f4872bd675"
  integrity sha512-ZalZGexYr3TA0SwySsr5HlgOOinS4Jsa8YB2GJ6lUNAazyAu4KG/VmzMTwAt2YVXzzVj8QmefmAonZIK2BSGcQ==
  dependencies:
    decompress-response "^6.0.0"
    once "^1.3.1"
    simple-concat "^1.0.0"

simple-sha1@^3.0.1:
  version "3.0.1"
  resolved "https://registry.yarnpkg.com/simple-sha1/-/simple-sha1-3.0.1.tgz#b34c3c978d74ac4baf99b6555c1e6736e0d6e700"
  integrity sha512-q7ehqWfHc1VhOm7sW099YDZ4I0yYX7rqyhqqhHV1IYeUTjPOhHyD3mXvv8k2P+rO7+7c8R4/D+8ffzC9BE7Cqg==
  dependencies:
    queue-microtask "^1.1.2"
    rusha "^0.8.1"

thirty-two@^1.0.2:
  version "1.0.2"
  resolved "https://registry.yarnpkg.com/thirty-two/-/thirty-two-1.0.2.tgz#4ca2fffc02a51290d2744b9e3f557693ca6b627a"
  integrity sha1-TKL//AKlEpDSdEueP1V2k8prYno=

transmission@^0.4.10:
  version "0.4.10"
  resolved "https://registry.yarnpkg.com/transmission/-/transmission-0.4.10.tgz#eee62e03fb8f1a57cb5edeb11e96e3da603f3baf"
  integrity sha512-GXss/sNTuHqgvy7TTE3soF8wuS8BzqZO3HV3mc61tg7vVT5u5Gr5kja82QF23GfGeZjdzFUeJGwJrEHU1DWq8Q==
  dependencies:
    async "^2.1.4"
    yargs "^1.3.3"

wrappy@1:
  version "1.0.2"
  resolved "https://registry.yarnpkg.com/wrappy/-/wrappy-1.0.2.tgz#b5243d8f3ec1aa35f1364605bc0d1036e30ab69f"
  integrity sha1-tSQ9jz7BqjXxNkYFvA0QNuMKtp8=

xml2js@^0.4.19:
  version "0.4.23"
  resolved "https://registry.yarnpkg.com/xml2js/-/xml2js-0.4.23.tgz#a0c69516752421eb2ac758ee4d4ccf58843eac66"
  integrity sha512-ySPiMjM0+pLDftHgXY4By0uswI3SPKLDw/i3UXbnO8M/p28zqexCUoPmQFrYD+/1BzhGJSs2i1ERWKJAtiLrug==
  dependencies:
    sax ">=0.6.0"
    xmlbuilder "~11.0.0"

xmlbuilder@~11.0.0:
  version "11.0.1"
  resolved "https://registry.yarnpkg.com/xmlbuilder/-/xmlbuilder-11.0.1.tgz#be9bae1c8a046e76b31127726347d0ad7002beb3"
  integrity sha512-fDlsI/kFEx7gLvbecc0/ohLG50fugQp8ryHzMTuW9vSa1GJ0XYWKnhsUx7oie3G98+r56aTQIUB4kht42R3JvA==

yargs@^1.3.3:
  version "1.3.3"
  resolved "https://registry.yarnpkg.com/yargs/-/yargs-1.3.3.tgz#054de8b61f22eefdb7207059eaef9d6b83fb931a"
  integrity sha1-BU3oth8i7v23IHBZ6u+da4P7kxo=
